
Microsoft Visual Studio Solution File, Format Version 12.00
# Visual Studio Version 17
VisualStudioVersion = 17.4.33213.308
MinimumVisualStudioVersion = 10.0.40219.1
Project("{FAE04EC0-301F-11D3-BF4B-00C04F79EFBC}") = "FindAPair", "FindThePare\FindAPair.csproj", "{BEB012E4-D179-4E18-A177-2AEC7EFAC285}"
EndProject
Global
	GlobalSection(SolutionConfigurationPlatforms) = preSolution
		Debug|Any CPU = Debug|Any CPU
		Release|Any CPU = Release|Any CPU
	EndGlobalSection
	GlobalSection(ProjectConfigurationPlatforms) = postSolution
		{BEB012E4-D179-4E18-A177-2AEC7EFAC285}.Debug|Any CPU.ActiveCfg = Debug|Any CPU
		{BEB012E4-D179-4E18-A177-2AEC7EFAC285}.Debug|Any CPU.Build.0 = Debug|Any CPU
		{BEB012E4-D179-4E18-A177-2AEC7EFAC285}.Release|Any CPU.ActiveCfg = Release|Any CPU
		{BEB012E4-D179-4E18-A177-2AEC7EFAC285}.Release|Any CPU.Build.0 = Release|Any CPU
	EndGlobalSection
	GlobalSection(SolutionProperties) = preSolution
		HideSolutionNode = FALSE
	EndGlobalSection
	GlobalSection(ExtensibilityGlobals) = postSolution
		SolutionGuid = {287F1F5F-EDC8-42E0-9C6C-B693C3E55DA4}
	EndGlobalSection
EndGlobal
